// !$*UTF8*$!
{
	archiveVersion = 1;
	classes = {
	};
	objectVersion = 46;
	objects = {

/* Begin PBXBuildFile section */
		12F279C015BA427F8C7066B4 /* libPods.a in Frameworks */ = {isa = PBXBuildFile; fileRef = 6206B11FF32A4999800C9CC7 /* libPods.a */; };
		1363486E196111500012F0CA /* LeftNavViewController.m in Sources */ = {isa = PBXBuildFile; fileRef = 1363486C196111500012F0CA /* LeftNavViewController.m */; };
		1363486F196111500012F0CA /* LeftNavViewController.xib in Resources */ = {isa = PBXBuildFile; fileRef = 1363486D196111500012F0CA /* LeftNavViewController.xib */; };
		13634873196121880012F0CA /* MainViewController.m in Sources */ = {isa = PBXBuildFile; fileRef = 13634871196121880012F0CA /* MainViewController.m */; };
		13634874196121880012F0CA /* MainViewController.xib in Resources */ = {isa = PBXBuildFile; fileRef = 13634872196121880012F0CA /* MainViewController.xib */; };
		1363487A19620AEE0012F0CA /* ProfileViewController.m in Sources */ = {isa = PBXBuildFile; fileRef = 1363487819620AEE0012F0CA /* ProfileViewController.m */; };
		1363487B19620AEE0012F0CA /* ProfileViewController.xib in Resources */ = {isa = PBXBuildFile; fileRef = 1363487919620AEE0012F0CA /* ProfileViewController.xib */; };
		13634881196212C80012F0CA /* StatsViewCell.m in Sources */ = {isa = PBXBuildFile; fileRef = 1363487F196212C80012F0CA /* StatsViewCell.m */; };
		13634882196212C80012F0CA /* StatsViewCell.xib in Resources */ = {isa = PBXBuildFile; fileRef = 13634880196212C80012F0CA /* StatsViewCell.xib */; };
		136348CB196292B00012F0CA /* ProfileHeaderView.xib in Resources */ = {isa = PBXBuildFile; fileRef = 136348CA196292B00012F0CA /* ProfileHeaderView.xib */; };
		136348CE196293510012F0CA /* ProfileHeaderView.m in Sources */ = {isa = PBXBuildFile; fileRef = 136348CD196293510012F0CA /* ProfileHeaderView.m */; };
		13A6739E1957EFD800748BE1 /* favorite_on.png in Resources */ = {isa = PBXBuildFile; fileRef = 13A673991957EFD800748BE1 /* favorite_on.png */; };
		13A6739F1957EFD800748BE1 /* favorite.png in Resources */ = {isa = PBXBuildFile; fileRef = 13A6739A1957EFD800748BE1 /* favorite.png */; };
		13A673A01957EFD800748BE1 /* reply.png in Resources */ = {isa = PBXBuildFile; fileRef = 13A6739B1957EFD800748BE1 /* reply.png */; };
		13A673A11957EFD800748BE1 /* retweet_on.png in Resources */ = {isa = PBXBuildFile; fileRef = 13A6739C1957EFD800748BE1 /* retweet_on.png */; };
		13A673A21957EFD800748BE1 /* retweet.png in Resources */ = {isa = PBXBuildFile; fileRef = 13A6739D1957EFD800748BE1 /* retweet.png */; };
		13AAE4DF19537C5500802012 /* Foundation.framework in Frameworks */ = {isa = PBXBuildFile; fileRef = 13AAE4DE19537C5500802012 /* Foundation.framework */; };
		13AAE4E119537C5500802012 /* CoreGraphics.framework in Frameworks */ = {isa = PBXBuildFile; fileRef = 13AAE4E019537C5500802012 /* CoreGraphics.framework */; };
		13AAE4E319537C5500802012 /* UIKit.framework in Frameworks */ = {isa = PBXBuildFile; fileRef = 13AAE4E219537C5500802012 /* UIKit.framework */; };
		13AAE4E919537C5500802012 /* InfoPlist.strings in Resources */ = {isa = PBXBuildFile; fileRef = 13AAE4E719537C5500802012 /* InfoPlist.strings */; };
		13AAE4EB19537C5500802012 /* main.m in Sources */ = {isa = PBXBuildFile; fileRef = 13AAE4EA19537C5500802012 /* main.m */; };
		13AAE4EF19537C5500802012 /* AppDelegate.m in Sources */ = {isa = PBXBuildFile; fileRef = 13AAE4EE19537C5500802012 /* AppDelegate.m */; };
		13AAE4F119537C5500802012 /* Images.xcassets in Resources */ = {isa = PBXBuildFile; fileRef = 13AAE4F019537C5500802012 /* Images.xcassets */; };
		13AAE4F819537C5500802012 /* XCTest.framework in Frameworks */ = {isa = PBXBuildFile; fileRef = 13AAE4F719537C5500802012 /* XCTest.framework */; };
		13AAE4F919537C5500802012 /* Foundation.framework in Frameworks */ = {isa = PBXBuildFile; fileRef = 13AAE4DE19537C5500802012 /* Foundation.framework */; };
		13AAE4FA19537C5500802012 /* UIKit.framework in Frameworks */ = {isa = PBXBuildFile; fileRef = 13AAE4E219537C5500802012 /* UIKit.framework */; };
		13AAE50219537C5500802012 /* InfoPlist.strings in Resources */ = {isa = PBXBuildFile; fileRef = 13AAE50019537C5500802012 /* InfoPlist.strings */; };
		13AAE50419537C5500802012 /* TwitterTests.m in Sources */ = {isa = PBXBuildFile; fileRef = 13AAE50319537C5500802012 /* TwitterTests.m */; };
		13AAE5681955191200802012 /* TwitterClient.m in Sources */ = {isa = PBXBuildFile; fileRef = 13AAE5671955191200802012 /* TwitterClient.m */; };
		13AAE56C19551BFC00802012 /* LoginViewController.m in Sources */ = {isa = PBXBuildFile; fileRef = 13AAE56A19551BFC00802012 /* LoginViewController.m */; };
		13AAE56D19551BFC00802012 /* LoginViewController.xib in Resources */ = {isa = PBXBuildFile; fileRef = 13AAE56B19551BFC00802012 /* LoginViewController.xib */; };
		13AAE5721955510D00802012 /* Tweet.m in Sources */ = {isa = PBXBuildFile; fileRef = 13AAE5711955510D00802012 /* Tweet.m */; };
		13AAE57519555EE900802012 /* User.m in Sources */ = {isa = PBXBuildFile; fileRef = 13AAE57419555EE900802012 /* User.m */; };
		13AAE5791955750C00802012 /* TweetTimelineViewController.m in Sources */ = {isa = PBXBuildFile; fileRef = 13AAE5771955750C00802012 /* TweetTimelineViewController.m */; };
		13AAE57A1955750C00802012 /* TweetTimelineViewController.xib in Resources */ = {isa = PBXBuildFile; fileRef = 13AAE5781955750C00802012 /* TweetTimelineViewController.xib */; };
		13AAE57D19558CF200802012 /* UIColor+Expanded.m in Sources */ = {isa = PBXBuildFile; fileRef = 13AAE57C19558CF200802012 /* UIColor+Expanded.m */; };
		13B171361959549700E5D980 /* DetailTweetViewController.m in Sources */ = {isa = PBXBuildFile; fileRef = 13B171341959549700E5D980 /* DetailTweetViewController.m */; };
		13B171371959549700E5D980 /* DetailTweetViewController.xib in Resources */ = {isa = PBXBuildFile; fileRef = 13B171351959549700E5D980 /* DetailTweetViewController.xib */; };
		13C13FBA1956243B008007C6 /* TweetCell.m in Sources */ = {isa = PBXBuildFile; fileRef = 13C13FB81956243B008007C6 /* TweetCell.m */; };
		13C13FBB1956243B008007C6 /* TweetCell.xib in Resources */ = {isa = PBXBuildFile; fileRef = 13C13FB91956243B008007C6 /* TweetCell.xib */; };
		13C13FC4195650C6008007C6 /* ComposeTweetViewController.m in Sources */ = {isa = PBXBuildFile; fileRef = 13C13FC2195650C6008007C6 /* ComposeTweetViewController.m */; };
		13C13FC5195650C6008007C6 /* ComposeTweetViewController.xib in Resources */ = {isa = PBXBuildFile; fileRef = 13C13FC3195650C6008007C6 /* ComposeTweetViewController.xib */; };
/* End PBXBuildFile section */

/* Begin PBXContainerItemProxy section */
		13AAE4FB19537C5500802012 /* PBXContainerItemProxy */ = {
			isa = PBXContainerItemProxy;
			containerPortal = 13AAE4D319537C5500802012 /* Project object */;
			proxyType = 1;
			remoteGlobalIDString = 13AAE4DA19537C5500802012;
			remoteInfo = Twitter;
		};
/* End PBXContainerItemProxy section */

/* Begin PBXFileReference section */
		1363486B196111500012F0CA /* LeftNavViewController.h */ = {isa = PBXFileReference; fileEncoding = 4; lastKnownFileType = sourcecode.c.h; path = LeftNavViewController.h; sourceTree = "<group>"; };
		1363486C196111500012F0CA /* LeftNavViewController.m */ = {isa = PBXFileReference; fileEncoding = 4; lastKnownFileType = sourcecode.c.objc; path = LeftNavViewController.m; sourceTree = "<group>"; };
		1363486D196111500012F0CA /* LeftNavViewController.xib */ = {isa = PBXFileReference; fileEncoding = 4; lastKnownFileType = file.xib; path = LeftNavViewController.xib; sourceTree = "<group>"; };
		13634870196121880012F0CA /* MainViewController.h */ = {isa = PBXFileReference; fileEncoding = 4; lastKnownFileType = sourcecode.c.h; path = MainViewController.h; sourceTree = "<group>"; };
		13634871196121880012F0CA /* MainViewController.m */ = {isa = PBXFileReference; fileEncoding = 4; lastKnownFileType = sourcecode.c.objc; path = MainViewController.m; sourceTree = "<group>"; };
		13634872196121880012F0CA /* MainViewController.xib */ = {isa = PBXFileReference; fileEncoding = 4; lastKnownFileType = file.xib; path = MainViewController.xib; sourceTree = "<group>"; };
		136348761961227A0012F0CA /* NavigationDelegate.h */ = {isa = PBXFileReference; lastKnownFileType = sourcecode.c.h; path = NavigationDelegate.h; sourceTree = "<group>"; };
		1363487719620AEE0012F0CA /* ProfileViewController.h */ = {isa = PBXFileReference; fileEncoding = 4; lastKnownFileType = sourcecode.c.h; path = ProfileViewController.h; sourceTree = "<group>"; };
		1363487819620AEE0012F0CA /* ProfileViewController.m */ = {isa = PBXFileReference; fileEncoding = 4; lastKnownFileType = sourcecode.c.objc; path = ProfileViewController.m; sourceTree = "<group>"; };
		1363487919620AEE0012F0CA /* ProfileViewController.xib */ = {isa = PBXFileReference; fileEncoding = 4; lastKnownFileType = file.xib; path = ProfileViewController.xib; sourceTree = "<group>"; };
		1363487E196212C80012F0CA /* StatsViewCell.h */ = {isa = PBXFileReference; fileEncoding = 4; lastKnownFileType = sourcecode.c.h; path = StatsViewCell.h; sourceTree = "<group>"; };
		1363487F196212C80012F0CA /* StatsViewCell.m */ = {isa = PBXFileReference; fileEncoding = 4; lastKnownFileType = sourcecode.c.objc; path = StatsViewCell.m; sourceTree = "<group>"; };
		13634880196212C80012F0CA /* StatsViewCell.xib */ = {isa = PBXFileReference; fileEncoding = 4; lastKnownFileType = file.xib; path = StatsViewCell.xib; sourceTree = "<group>"; };
		136348CA196292B00012F0CA /* ProfileHeaderView.xib */ = {isa = PBXFileReference; fileEncoding = 4; lastKnownFileType = file.xib; path = ProfileHeaderView.xib; sourceTree = "<group>"; };
		136348CC196293510012F0CA /* ProfileHeaderView.h */ = {isa = PBXFileReference; fileEncoding = 4; lastKnownFileType = sourcecode.c.h; path = ProfileHeaderView.h; sourceTree = "<group>"; };
		136348CD196293510012F0CA /* ProfileHeaderView.m */ = {isa = PBXFileReference; fileEncoding = 4; lastKnownFileType = sourcecode.c.objc; path = ProfileHeaderView.m; sourceTree = "<group>"; };
		13A673991957EFD800748BE1 /* favorite_on.png */ = {isa = PBXFileReference; lastKnownFileType = image.png; path = favorite_on.png; sourceTree = "<group>"; };
		13A6739A1957EFD800748BE1 /* favorite.png */ = {isa = PBXFileReference; lastKnownFileType = image.png; path = favorite.png; sourceTree = "<group>"; };
		13A6739B1957EFD800748BE1 /* reply.png */ = {isa = PBXFileReference; lastKnownFileType = image.png; path = reply.png; sourceTree = "<group>"; };
		13A6739C1957EFD800748BE1 /* retweet_on.png */ = {isa = PBXFileReference; lastKnownFileType = image.png; path = retweet_on.png; sourceTree = "<group>"; };
		13A6739D1957EFD800748BE1 /* retweet.png */ = {isa = PBXFileReference; lastKnownFileType = image.png; path = retweet.png; sourceTree = "<group>"; };
		13AAE4DB19537C5500802012 /* Twitter.app */ = {isa = PBXFileReference; explicitFileType = wrapper.application; includeInIndex = 0; path = Twitter.app; sourceTree = BUILT_PRODUCTS_DIR; };
		13AAE4DE19537C5500802012 /* Foundation.framework */ = {isa = PBXFileReference; lastKnownFileType = wrapper.framework; name = Foundation.framework; path = System/Library/Frameworks/Foundation.framework; sourceTree = SDKROOT; };
		13AAE4E019537C5500802012 /* CoreGraphics.framework */ = {isa = PBXFileReference; lastKnownFileType = wrapper.framework; name = CoreGraphics.framework; path = System/Library/Frameworks/CoreGraphics.framework; sourceTree = SDKROOT; };
		13AAE4E219537C5500802012 /* UIKit.framework */ = {isa = PBXFileReference; lastKnownFileType = wrapper.framework; name = UIKit.framework; path = System/Library/Frameworks/UIKit.framework; sourceTree = SDKROOT; };
		13AAE4E619537C5500802012 /* Twitter-Info.plist */ = {isa = PBXFileReference; lastKnownFileType = text.plist.xml; path = "Twitter-Info.plist"; sourceTree = "<group>"; };
		13AAE4E819537C5500802012 /* en */ = {isa = PBXFileReference; lastKnownFileType = text.plist.strings; name = en; path = en.lproj/InfoPlist.strings; sourceTree = "<group>"; };
		13AAE4EA19537C5500802012 /* main.m */ = {isa = PBXFileReference; lastKnownFileType = sourcecode.c.objc; path = main.m; sourceTree = "<group>"; };
		13AAE4EC19537C5500802012 /* Twitter-Prefix.pch */ = {isa = PBXFileReference; lastKnownFileType = sourcecode.c.h; path = "Twitter-Prefix.pch"; sourceTree = "<group>"; };
		13AAE4ED19537C5500802012 /* AppDelegate.h */ = {isa = PBXFileReference; lastKnownFileType = sourcecode.c.h; path = AppDelegate.h; sourceTree = "<group>"; };
		13AAE4EE19537C5500802012 /* AppDelegate.m */ = {isa = PBXFileReference; lastKnownFileType = sourcecode.c.objc; path = AppDelegate.m; sourceTree = "<group>"; };
		13AAE4F019537C5500802012 /* Images.xcassets */ = {isa = PBXFileReference; lastKnownFileType = folder.assetcatalog; path = Images.xcassets; sourceTree = "<group>"; };
		13AAE4F619537C5500802012 /* TwitterTests.xctest */ = {isa = PBXFileReference; explicitFileType = wrapper.cfbundle; includeInIndex = 0; path = TwitterTests.xctest; sourceTree = BUILT_PRODUCTS_DIR; };
		13AAE4F719537C5500802012 /* XCTest.framework */ = {isa = PBXFileReference; lastKnownFileType = wrapper.framework; name = XCTest.framework; path = Library/Frameworks/XCTest.framework; sourceTree = DEVELOPER_DIR; };
		13AAE4FF19537C5500802012 /* TwitterTests-Info.plist */ = {isa = PBXFileReference; lastKnownFileType = text.plist.xml; path = "TwitterTests-Info.plist"; sourceTree = "<group>"; };
		13AAE50119537C5500802012 /* en */ = {isa = PBXFileReference; lastKnownFileType = text.plist.strings; name = en; path = en.lproj/InfoPlist.strings; sourceTree = "<group>"; };
		13AAE50319537C5500802012 /* TwitterTests.m */ = {isa = PBXFileReference; lastKnownFileType = sourcecode.c.objc; path = TwitterTests.m; sourceTree = "<group>"; };
		13AAE5661955191200802012 /* TwitterClient.h */ = {isa = PBXFileReference; fileEncoding = 4; lastKnownFileType = sourcecode.c.h; path = TwitterClient.h; sourceTree = "<group>"; };
		13AAE5671955191200802012 /* TwitterClient.m */ = {isa = PBXFileReference; fileEncoding = 4; lastKnownFileType = sourcecode.c.objc; path = TwitterClient.m; sourceTree = "<group>"; };
		13AAE56919551BFC00802012 /* LoginViewController.h */ = {isa = PBXFileReference; fileEncoding = 4; lastKnownFileType = sourcecode.c.h; path = LoginViewController.h; sourceTree = "<group>"; };
		13AAE56A19551BFC00802012 /* LoginViewController.m */ = {isa = PBXFileReference; fileEncoding = 4; lastKnownFileType = sourcecode.c.objc; path = LoginViewController.m; sourceTree = "<group>"; };
		13AAE56B19551BFC00802012 /* LoginViewController.xib */ = {isa = PBXFileReference; fileEncoding = 4; lastKnownFileType = file.xib; path = LoginViewController.xib; sourceTree = "<group>"; };
		13AAE5701955510D00802012 /* Tweet.h */ = {isa = PBXFileReference; fileEncoding = 4; lastKnownFileType = sourcecode.c.h; path = Tweet.h; sourceTree = "<group>"; };
		13AAE5711955510D00802012 /* Tweet.m */ = {isa = PBXFileReference; fileEncoding = 4; lastKnownFileType = sourcecode.c.objc; path = Tweet.m; sourceTree = "<group>"; };
		13AAE57319555EE900802012 /* User.h */ = {isa = PBXFileReference; fileEncoding = 4; lastKnownFileType = sourcecode.c.h; path = User.h; sourceTree = "<group>"; };
		13AAE57419555EE900802012 /* User.m */ = {isa = PBXFileReference; fileEncoding = 4; lastKnownFileType = sourcecode.c.objc; path = User.m; sourceTree = "<group>"; };
		13AAE5761955750C00802012 /* TweetTimelineViewController.h */ = {isa = PBXFileReference; fileEncoding = 4; lastKnownFileType = sourcecode.c.h; path = TweetTimelineViewController.h; sourceTree = "<group>"; };
		13AAE5771955750C00802012 /* TweetTimelineViewController.m */ = {isa = PBXFileReference; fileEncoding = 4; lastKnownFileType = sourcecode.c.objc; path = TweetTimelineViewController.m; sourceTree = "<group>"; };
		13AAE5781955750C00802012 /* TweetTimelineViewController.xib */ = {isa = PBXFileReference; fileEncoding = 4; lastKnownFileType = file.xib; path = TweetTimelineViewController.xib; sourceTree = "<group>"; };
		13AAE57B19558CF200802012 /* UIColor+Expanded.h */ = {isa = PBXFileReference; fileEncoding = 4; lastKnownFileType = sourcecode.c.h; path = "UIColor+Expanded.h"; sourceTree = "<group>"; };
		13AAE57C19558CF200802012 /* UIColor+Expanded.m */ = {isa = PBXFileReference; fileEncoding = 4; lastKnownFileType = sourcecode.c.objc; path = "UIColor+Expanded.m"; sourceTree = "<group>"; };
		13B171331959549700E5D980 /* DetailTweetViewController.h */ = {isa = PBXFileReference; fileEncoding = 4; lastKnownFileType = sourcecode.c.h; path = DetailTweetViewController.h; sourceTree = "<group>"; };
		13B171341959549700E5D980 /* DetailTweetViewController.m */ = {isa = PBXFileReference; fileEncoding = 4; lastKnownFileType = sourcecode.c.objc; path = DetailTweetViewController.m; sourceTree = "<group>"; };
		13B171351959549700E5D980 /* DetailTweetViewController.xib */ = {isa = PBXFileReference; fileEncoding = 4; lastKnownFileType = file.xib; path = DetailTweetViewController.xib; sourceTree = "<group>"; };
		13C13FB71956243B008007C6 /* TweetCell.h */ = {isa = PBXFileReference; fileEncoding = 4; lastKnownFileType = sourcecode.c.h; path = TweetCell.h; sourceTree = "<group>"; };
		13C13FB81956243B008007C6 /* TweetCell.m */ = {isa = PBXFileReference; fileEncoding = 4; lastKnownFileType = sourcecode.c.objc; path = TweetCell.m; sourceTree = "<group>"; };
		13C13FB91956243B008007C6 /* TweetCell.xib */ = {isa = PBXFileReference; fileEncoding = 4; lastKnownFileType = file.xib; path = TweetCell.xib; sourceTree = "<group>"; };
		13C13FC1195650C6008007C6 /* ComposeTweetViewController.h */ = {isa = PBXFileReference; fileEncoding = 4; lastKnownFileType = sourcecode.c.h; path = ComposeTweetViewController.h; sourceTree = "<group>"; };
		13C13FC2195650C6008007C6 /* ComposeTweetViewController.m */ = {isa = PBXFileReference; fileEncoding = 4; lastKnownFileType = sourcecode.c.objc; path = ComposeTweetViewController.m; sourceTree = "<group>"; };
		13C13FC3195650C6008007C6 /* ComposeTweetViewController.xib */ = {isa = PBXFileReference; fileEncoding = 4; lastKnownFileType = file.xib; path = ComposeTweetViewController.xib; sourceTree = "<group>"; };
		6206B11FF32A4999800C9CC7 /* libPods.a */ = {isa = PBXFileReference; explicitFileType = archive.ar; includeInIndex = 0; path = libPods.a; sourceTree = BUILT_PRODUCTS_DIR; };
		BDEC2DBD2D9C4F2AA79B87BD /* Pods.xcconfig */ = {isa = PBXFileReference; includeInIndex = 1; lastKnownFileType = text.xcconfig; name = Pods.xcconfig; path = Pods/Pods.xcconfig; sourceTree = "<group>"; };
/* End PBXFileReference section */

/* Begin PBXFrameworksBuildPhase section */
		13AAE4D819537C5500802012 /* Frameworks */ = {
			isa = PBXFrameworksBuildPhase;
			buildActionMask = 2147483647;
			files = (
				13AAE4E119537C5500802012 /* CoreGraphics.framework in Frameworks */,
				13AAE4E319537C5500802012 /* UIKit.framework in Frameworks */,
				13AAE4DF19537C5500802012 /* Foundation.framework in Frameworks */,
				12F279C015BA427F8C7066B4 /* libPods.a in Frameworks */,
			);
			runOnlyForDeploymentPostprocessing = 0;
		};
		13AAE4F319537C5500802012 /* Frameworks */ = {
			isa = PBXFrameworksBuildPhase;
			buildActionMask = 2147483647;
			files = (
				13AAE4F819537C5500802012 /* XCTest.framework in Frameworks */,
				13AAE4FA19537C5500802012 /* UIKit.framework in Frameworks */,
				13AAE4F919537C5500802012 /* Foundation.framework in Frameworks */,
			);
			runOnlyForDeploymentPostprocessing = 0;
		};
/* End PBXFrameworksBuildPhase section */

/* Begin PBXGroup section */
		136348751961224A0012F0CA /* Delegate */ = {
			isa = PBXGroup;
			children = (
				136348761961227A0012F0CA /* NavigationDelegate.h */,
			);
			name = Delegate;
			sourceTree = "<group>";
		};
		13A673981957EFB700748BE1 /* Images */ = {
			isa = PBXGroup;
			children = (
				13A673991957EFD800748BE1 /* favorite_on.png */,
				13A6739A1957EFD800748BE1 /* favorite.png */,
				13A6739B1957EFD800748BE1 /* reply.png */,
				13A6739C1957EFD800748BE1 /* retweet_on.png */,
				13A6739D1957EFD800748BE1 /* retweet.png */,
			);
			name = Images;
			sourceTree = "<group>";
		};
		13AAE4D219537C5500802012 = {
			isa = PBXGroup;
			children = (
				13AAE4E419537C5500802012 /* Twitter */,
				13AAE4FD19537C5500802012 /* TwitterTests */,
				13AAE4DD19537C5500802012 /* Frameworks */,
				13AAE4DC19537C5500802012 /* Products */,
				BDEC2DBD2D9C4F2AA79B87BD /* Pods.xcconfig */,
			);
			sourceTree = "<group>";
		};
		13AAE4DC19537C5500802012 /* Products */ = {
			isa = PBXGroup;
			children = (
				13AAE4DB19537C5500802012 /* Twitter.app */,
				13AAE4F619537C5500802012 /* TwitterTests.xctest */,
			);
			name = Products;
			sourceTree = "<group>";
		};
		13AAE4DD19537C5500802012 /* Frameworks */ = {
			isa = PBXGroup;
			children = (
				13AAE4DE19537C5500802012 /* Foundation.framework */,
				13AAE4E019537C5500802012 /* CoreGraphics.framework */,
				13AAE4E219537C5500802012 /* UIKit.framework */,
				13AAE4F719537C5500802012 /* XCTest.framework */,
				6206B11FF32A4999800C9CC7 /* libPods.a */,
			);
			name = Frameworks;
			sourceTree = "<group>";
		};
		13AAE4E419537C5500802012 /* Twitter */ = {
			isa = PBXGroup;
			children = (
				136348751961224A0012F0CA /* Delegate */,
				13A673981957EFB700748BE1 /* Images */,
				13C13FB619562404008007C6 /* View */,
				13AAE57E19558CFB00802012 /* Category */,
				13AAE56F19554F8800802012 /* Model */,
				13AAE56E19551C0400802012 /* ViewController */,
				13AAE50D19537D6300802012 /* API */,
				13AAE4ED19537C5500802012 /* AppDelegate.h */,
				13AAE4EE19537C5500802012 /* AppDelegate.m */,
				13AAE4F019537C5500802012 /* Images.xcassets */,
				13AAE4E519537C5500802012 /* Supporting Files */,
			);
			path = Twitter;
			sourceTree = "<group>";
		};
		13AAE4E519537C5500802012 /* Supporting Files */ = {
			isa = PBXGroup;
			children = (
				13AAE4E619537C5500802012 /* Twitter-Info.plist */,
				13AAE4E719537C5500802012 /* InfoPlist.strings */,
				13AAE4EA19537C5500802012 /* main.m */,
				13AAE4EC19537C5500802012 /* Twitter-Prefix.pch */,
			);
			name = "Supporting Files";
			sourceTree = "<group>";
		};
		13AAE4FD19537C5500802012 /* TwitterTests */ = {
			isa = PBXGroup;
			children = (
				13AAE50319537C5500802012 /* TwitterTests.m */,
				13AAE4FE19537C5500802012 /* Supporting Files */,
			);
			path = TwitterTests;
			sourceTree = "<group>";
		};
		13AAE4FE19537C5500802012 /* Supporting Files */ = {
			isa = PBXGroup;
			children = (
				13AAE4FF19537C5500802012 /* TwitterTests-Info.plist */,
				13AAE50019537C5500802012 /* InfoPlist.strings */,
			);
			name = "Supporting Files";
			sourceTree = "<group>";
		};
		13AAE50D19537D6300802012 /* API */ = {
			isa = PBXGroup;
			children = (
				13AAE5661955191200802012 /* TwitterClient.h */,
				13AAE5671955191200802012 /* TwitterClient.m */,
			);
			name = API;
			sourceTree = "<group>";
		};
		13AAE56E19551C0400802012 /* ViewController */ = {
			isa = PBXGroup;
			children = (
				13AAE56919551BFC00802012 /* LoginViewController.h */,
				13AAE56A19551BFC00802012 /* LoginViewController.m */,
				13AAE56B19551BFC00802012 /* LoginViewController.xib */,
				13AAE5761955750C00802012 /* TweetTimelineViewController.h */,
				13AAE5771955750C00802012 /* TweetTimelineViewController.m */,
				13AAE5781955750C00802012 /* TweetTimelineViewController.xib */,
				13C13FC1195650C6008007C6 /* ComposeTweetViewController.h */,
				13C13FC2195650C6008007C6 /* ComposeTweetViewController.m */,
				13C13FC3195650C6008007C6 /* ComposeTweetViewController.xib */,
				13B171331959549700E5D980 /* DetailTweetViewController.h */,
				13B171341959549700E5D980 /* DetailTweetViewController.m */,
				13B171351959549700E5D980 /* DetailTweetViewController.xib */,
				1363486B196111500012F0CA /* LeftNavViewController.h */,
				1363486C196111500012F0CA /* LeftNavViewController.m */,
				1363486D196111500012F0CA /* LeftNavViewController.xib */,
				13634870196121880012F0CA /* MainViewController.h */,
				13634871196121880012F0CA /* MainViewController.m */,
				13634872196121880012F0CA /* MainViewController.xib */,
				1363487719620AEE0012F0CA /* ProfileViewController.h */,
				1363487819620AEE0012F0CA /* ProfileViewController.m */,
				1363487919620AEE0012F0CA /* ProfileViewController.xib */,
			);
			name = ViewController;
			sourceTree = "<group>";
		};
		13AAE56F19554F8800802012 /* Model */ = {
			isa = PBXGroup;
			children = (
				13AAE5701955510D00802012 /* Tweet.h */,
				13AAE5711955510D00802012 /* Tweet.m */,
				13AAE57319555EE900802012 /* User.h */,
				13AAE57419555EE900802012 /* User.m */,
			);
			name = Model;
			sourceTree = "<group>";
		};
		13AAE57E19558CFB00802012 /* Category */ = {
			isa = PBXGroup;
			children = (
				13AAE57B19558CF200802012 /* UIColor+Expanded.h */,
				13AAE57C19558CF200802012 /* UIColor+Expanded.m */,
			);
			name = Category;
			sourceTree = "<group>";
		};
		13C13FB619562404008007C6 /* View */ = {
			isa = PBXGroup;
			children = (
				136348CA196292B00012F0CA /* ProfileHeaderView.xib */,
				13C13FB71956243B008007C6 /* TweetCell.h */,
				13C13FB81956243B008007C6 /* TweetCell.m */,
				13C13FB91956243B008007C6 /* TweetCell.xib */,
				1363487E196212C80012F0CA /* StatsViewCell.h */,
				1363487F196212C80012F0CA /* StatsViewCell.m */,
				13634880196212C80012F0CA /* StatsViewCell.xib */,
				136348CC196293510012F0CA /* ProfileHeaderView.h */,
				136348CD196293510012F0CA /* ProfileHeaderView.m */,
			);
			name = View;
			sourceTree = "<group>";
		};
/* End PBXGroup section */

/* Begin PBXNativeTarget section */
		13AAE4DA19537C5500802012 /* Twitter */ = {
			isa = PBXNativeTarget;
			buildConfigurationList = 13AAE50719537C5500802012 /* Build configuration list for PBXNativeTarget "Twitter" */;
			buildPhases = (
				CC43EC987A434F06A6F29867 /* Check Pods Manifest.lock */,
				13AAE4D719537C5500802012 /* Sources */,
				13AAE4D819537C5500802012 /* Frameworks */,
				13AAE4D919537C5500802012 /* Resources */,
				374D32F2B86442869263F2E6 /* Copy Pods Resources */,
			);
			buildRules = (
			);
			dependencies = (
			);
			name = Twitter;
			productName = Twitter;
			productReference = 13AAE4DB19537C5500802012 /* Twitter.app */;
			productType = "com.apple.product-type.application";
		};
		13AAE4F519537C5500802012 /* TwitterTests */ = {
			isa = PBXNativeTarget;
			buildConfigurationList = 13AAE50A19537C5500802012 /* Build configuration list for PBXNativeTarget "TwitterTests" */;
			buildPhases = (
				13AAE4F219537C5500802012 /* Sources */,
				13AAE4F319537C5500802012 /* Frameworks */,
				13AAE4F419537C5500802012 /* Resources */,
			);
			buildRules = (
			);
			dependencies = (
				13AAE4FC19537C5500802012 /* PBXTargetDependency */,
			);
			name = TwitterTests;
			productName = TwitterTests;
			productReference = 13AAE4F619537C5500802012 /* TwitterTests.xctest */;
			productType = "com.apple.product-type.bundle.unit-test";
		};
/* End PBXNativeTarget section */

/* Begin PBXProject section */
		13AAE4D319537C5500802012 /* Project object */ = {
			isa = PBXProject;
			attributes = {
				LastUpgradeCheck = 0510;
				ORGANIZATIONNAME = rnb;
				TargetAttributes = {
					13AAE4F519537C5500802012 = {
						TestTargetID = 13AAE4DA19537C5500802012;
					};
				};
			};
			buildConfigurationList = 13AAE4D619537C5500802012 /* Build configuration list for PBXProject "Twitter" */;
			compatibilityVersion = "Xcode 3.2";
			developmentRegion = English;
			hasScannedForEncodings = 0;
			knownRegions = (
				en,
			);
			mainGroup = 13AAE4D219537C5500802012;
			productRefGroup = 13AAE4DC19537C5500802012 /* Products */;
			projectDirPath = "";
			projectRoot = "";
			targets = (
				13AAE4DA19537C5500802012 /* Twitter */,
				13AAE4F519537C5500802012 /* TwitterTests */,
			);
		};
/* End PBXProject section */

/* Begin PBXResourcesBuildPhase section */
		13AAE4D919537C5500802012 /* Resources */ = {
			isa = PBXResourcesBuildPhase;
			buildActionMask = 2147483647;
			files = (
				1363486F196111500012F0CA /* LeftNavViewController.xib in Resources */,
				13A6739E1957EFD800748BE1 /* favorite_on.png in Resources */,
				13A673A01957EFD800748BE1 /* reply.png in Resources */,
				1363487B19620AEE0012F0CA /* ProfileViewController.xib in Resources */,
				13AAE4E919537C5500802012 /* InfoPlist.strings in Resources */,
				13C13FBB1956243B008007C6 /* TweetCell.xib in Resources */,
				13634874196121880012F0CA /* MainViewController.xib in Resources */,
				13AAE4F119537C5500802012 /* Images.xcassets in Resources */,
				13B171371959549700E5D980 /* DetailTweetViewController.xib in Resources */,
				13C13FC5195650C6008007C6 /* ComposeTweetViewController.xib in Resources */,
				136348CB196292B00012F0CA /* ProfileHeaderView.xib in Resources */,
				13AAE56D19551BFC00802012 /* LoginViewController.xib in Resources */,
				13A673A21957EFD800748BE1 /* retweet.png in Resources */,
				13634882196212C80012F0CA /* StatsViewCell.xib in Resources */,
				13AAE57A1955750C00802012 /* TweetTimelineViewController.xib in Resources */,
				13A6739F1957EFD800748BE1 /* favorite.png in Resources */,
				13A673A11957EFD800748BE1 /* retweet_on.png in Resources */,
			);
			runOnlyForDeploymentPostprocessing = 0;
		};
		13AAE4F419537C5500802012 /* Resources */ = {
			isa = PBXResourcesBuildPhase;
			buildActionMask = 2147483647;
			files = (
				13AAE50219537C5500802012 /* InfoPlist.strings in Resources */,
			);
			runOnlyForDeploymentPostprocessing = 0;
		};
/* End PBXResourcesBuildPhase section */

/* Begin PBXShellScriptBuildPhase section */
		374D32F2B86442869263F2E6 /* Copy Pods Resources */ = {
			isa = PBXShellScriptBuildPhase;
			buildActionMask = 2147483647;
			files = (
			);
			inputPaths = (
			);
			name = "Copy Pods Resources";
			outputPaths = (
			);
			runOnlyForDeploymentPostprocessing = 0;
			shellPath = /bin/sh;
			shellScript = "\"${SRCROOT}/Pods/Pods-resources.sh\"\n";
			showEnvVarsInLog = 0;
		};
		CC43EC987A434F06A6F29867 /* Check Pods Manifest.lock */ = {
			isa = PBXShellScriptBuildPhase;
			buildActionMask = 2147483647;
			files = (
			);
			inputPaths = (
			);
			name = "Check Pods Manifest.lock";
			outputPaths = (
			);
			runOnlyForDeploymentPostprocessing = 0;
			shellPath = /bin/sh;
			shellScript = "diff \"${PODS_ROOT}/../Podfile.lock\" \"${PODS_ROOT}/Manifest.lock\" > /dev/null\nif [[ $? != 0 ]] ; then\n    cat << EOM\nerror: The sandbox is not in sync with the Podfile.lock. Run 'pod install' or update your CocoaPods installation.\nEOM\n    exit 1\nfi\n";
			showEnvVarsInLog = 0;
		};
/* End PBXShellScriptBuildPhase section */

/* Begin PBXSourcesBuildPhase section */
		13AAE4D719537C5500802012 /* Sources */ = {
			isa = PBXSourcesBuildPhase;
			buildActionMask = 2147483647;
			files = (
				13C13FBA1956243B008007C6 /* TweetCell.m in Sources */,
				13AAE5791955750C00802012 /* TweetTimelineViewController.m in Sources */,
				13AAE56C19551BFC00802012 /* LoginViewController.m in Sources */,
				136348CE196293510012F0CA /* ProfileHeaderView.m in Sources */,
				13C13FC4195650C6008007C6 /* ComposeTweetViewController.m in Sources */,
				1363487A19620AEE0012F0CA /* ProfileViewController.m in Sources */,
				13634873196121880012F0CA /* MainViewController.m in Sources */,
				13AAE4EF19537C5500802012 /* AppDelegate.m in Sources */,
				13634881196212C80012F0CA /* StatsViewCell.m in Sources */,
				1363486E196111500012F0CA /* LeftNavViewController.m in Sources */,
				13AAE57519555EE900802012 /* User.m in Sources */,
				13AAE5721955510D00802012 /* Tweet.m in Sources */,
				13AAE5681955191200802012 /* TwitterClient.m in Sources */,
				13AAE57D19558CF200802012 /* UIColor+Expanded.m in Sources */,
				13B171361959549700E5D980 /* DetailTweetViewController.m in Sources */,
				13AAE4EB19537C5500802012 /* main.m in Sources */,
			);
			runOnlyForDeploymentPostprocessing = 0;
		};
		13AAE4F219537C5500802012 /* Sources */ = {
			isa = PBXSourcesBuildPhase;
			buildActionMask = 2147483647;
			files = (
				13AAE50419537C5500802012 /* TwitterTests.m in Sources */,
			);
			runOnlyForDeploymentPostprocessing = 0;
		};
/* End PBXSourcesBuildPhase section */

/* Begin PBXTargetDependency section */
		13AAE4FC19537C5500802012 /* PBXTargetDependency */ = {
			isa = PBXTargetDependency;
			target = 13AAE4DA19537C5500802012 /* Twitter */;
			targetProxy = 13AAE4FB19537C5500802012 /* PBXContainerItemProxy */;
		};
/* End PBXTargetDependency section */

/* Begin PBXVariantGroup section */
		13AAE4E719537C5500802012 /* InfoPlist.strings */ = {
			isa = PBXVariantGroup;
			children = (
				13AAE4E819537C5500802012 /* en */,
			);
			name = InfoPlist.strings;
			sourceTree = "<group>";
		};
		13AAE50019537C5500802012 /* InfoPlist.strings */ = {
			isa = PBXVariantGroup;
			children = (
				13AAE50119537C5500802012 /* en */,
			);
			name = InfoPlist.strings;
			sourceTree = "<group>";
		};
/* End PBXVariantGroup section */

/* Begin XCBuildConfiguration section */
		13AAE50519537C5500802012 /* Debug */ = {
			isa = XCBuildConfiguration;
			buildSettings = {
				ALWAYS_SEARCH_USER_PATHS = NO;
				CLANG_CXX_LANGUAGE_STANDARD = "gnu++0x";
				CLANG_CXX_LIBRARY = "libc++";
				CLANG_ENABLE_MODULES = YES;
				CLANG_ENABLE_OBJC_ARC = YES;
				CLANG_WARN_BOOL_CONVERSION = YES;
				CLANG_WARN_CONSTANT_CONVERSION = YES;
				CLANG_WARN_DIRECT_OBJC_ISA_USAGE = YES_ERROR;
				CLANG_WARN_EMPTY_BODY = YES;
				CLANG_WARN_ENUM_CONVERSION = YES;
				CLANG_WARN_INT_CONVERSION = YES;
				CLANG_WARN_OBJC_ROOT_CLASS = YES_ERROR;
				CLANG_WARN__DUPLICATE_METHOD_MATCH = YES;
				"CODE_SIGN_IDENTITY[sdk=iphoneos*]" = "iPhone Developer";
				COPY_PHASE_STRIP = NO;
				GCC_C_LANGUAGE_STANDARD = gnu99;
				GCC_DYNAMIC_NO_PIC = NO;
				GCC_OPTIMIZATION_LEVEL = 0;
				GCC_PREPROCESSOR_DEFINITIONS = (
					"DEBUG=1",
					"$(inherited)",
				);
				GCC_SYMBOLS_PRIVATE_EXTERN = NO;
				GCC_WARN_64_TO_32_BIT_CONVERSION = YES;
				GCC_WARN_ABOUT_RETURN_TYPE = YES_ERROR;
				GCC_WARN_UNDECLARED_SELECTOR = YES;
				GCC_WARN_UNINITIALIZED_AUTOS = YES_AGGRESSIVE;
				GCC_WARN_UNUSED_FUNCTION = YES;
				GCC_WARN_UNUSED_VARIABLE = YES;
				IPHONEOS_DEPLOYMENT_TARGET = 7.1;
				ONLY_ACTIVE_ARCH = YES;
				SDKROOT = iphoneos;
			};
			name = Debug;
		};
		13AAE50619537C5500802012 /* Release */ = {
			isa = XCBuildConfiguration;
			buildSettings = {
				ALWAYS_SEARCH_USER_PATHS = NO;
				CLANG_CXX_LANGUAGE_STANDARD = "gnu++0x";
				CLANG_CXX_LIBRARY = "libc++";
				CLANG_ENABLE_MODULES = YES;
				CLANG_ENABLE_OBJC_ARC = YES;
				CLANG_WARN_BOOL_CONVERSION = YES;
				CLANG_WARN_CONSTANT_CONVERSION = YES;
				CLANG_WARN_DIRECT_OBJC_ISA_USAGE = YES_ERROR;
				CLANG_WARN_EMPTY_BODY = YES;
				CLANG_WARN_ENUM_CONVERSION = YES;
				CLANG_WARN_INT_CONVERSION = YES;
				CLANG_WARN_OBJC_ROOT_CLASS = YES_ERROR;
				CLANG_WARN__DUPLICATE_METHOD_MATCH = YES;
				"CODE_SIGN_IDENTITY[sdk=iphoneos*]" = "iPhone Developer";
				COPY_PHASE_STRIP = YES;
				ENABLE_NS_ASSERTIONS = NO;
				GCC_C_LANGUAGE_STANDARD = gnu99;
				GCC_WARN_64_TO_32_BIT_CONVERSION = YES;
				GCC_WARN_ABOUT_RETURN_TYPE = YES_ERROR;
				GCC_WARN_UNDECLARED_SELECTOR = YES;
				GCC_WARN_UNINITIALIZED_AUTOS = YES_AGGRESSIVE;
				GCC_WARN_UNUSED_FUNCTION = YES;
				GCC_WARN_UNUSED_VARIABLE = YES;
				IPHONEOS_DEPLOYMENT_TARGET = 7.1;
				SDKROOT = iphoneos;
				VALIDATE_PRODUCT = YES;
			};
			name = Release;
		};
		13AAE50819537C5500802012 /* Debug */ = {
			isa = XCBuildConfiguration;
			baseConfigurationReference = BDEC2DBD2D9C4F2AA79B87BD /* Pods.xcconfig */;
			buildSettings = {
				ASSETCATALOG_COMPILER_APPICON_NAME = AppIcon;
				ASSETCATALOG_COMPILER_LAUNCHIMAGE_NAME = LaunchImage;
				GCC_PRECOMPILE_PREFIX_HEADER = YES;
				GCC_PREFIX_HEADER = "Twitter/Twitter-Prefix.pch";
				INFOPLIST_FILE = "Twitter/Twitter-Info.plist";
				PRODUCT_NAME = "$(TARGET_NAME)";
				WRAPPER_EXTENSION = app;
			};
			name = Debug;
		};
		13AAE50919537C5500802012 /* Release */ = {
			isa = XCBuildConfiguration;
			baseConfigurationReference = BDEC2DBD2D9C4F2AA79B87BD /* Pods.xcconfig */;
			buildSettings = {
				ASSETCATALOG_COMPILER_APPICON_NAME = AppIcon;
				ASSETCATALOG_COMPILER_LAUNCHIMAGE_NAME = LaunchImage;
				GCC_PRECOMPILE_PREFIX_HEADER = YES;
				GCC_PREFIX_HEADER = "Twitter/Twitter-Prefix.pch";
				INFOPLIST_FILE = "Twitter/Twitter-Info.plist";
				PRODUCT_NAME = "$(TARGET_NAME)";
				WRAPPER_EXTENSION = app;
			};
			name = Release;
		};
		13AAE50B19537C5500802012 /* Debug */ = {
			isa = XCBuildConfiguration;
			buildSettings = {
				BUNDLE_LOADER = "$(BUILT_PRODUCTS_DIR)/Twitter.app/Twitter";
				FRAMEWORK_SEARCH_PATHS = (
					"$(SDKROOT)/Developer/Library/Frameworks",
					"$(inherited)",
					"$(DEVELOPER_FRAMEWORKS_DIR)",
				);
				GCC_PRECOMPILE_PREFIX_HEADER = YES;
				GCC_PREFIX_HEADER = "Twitter/Twitter-Prefix.pch";
				GCC_PREPROCESSOR_DEFINITIONS = (
					"DEBUG=1",
					"$(inherited)",
				);
				INFOPLIST_FILE = "TwitterTests/TwitterTests-Info.plist";
				PRODUCT_NAME = "$(TARGET_NAME)";
				TEST_HOST = "$(BUNDLE_LOADER)";
				WRAPPER_EXTENSION = xctest;
			};
			name = Debug;
		};
		13AAE50C19537C5500802012 /* Release */ = {
			isa = XCBuildConfiguration;
			buildSettings = {
				BUNDLE_LOADER = "$(BUILT_PRODUCTS_DIR)/Twitter.app/Twitter";
				FRAMEWORK_SEARCH_PATHS = (
					"$(SDKROOT)/Developer/Library/Frameworks",
					"$(inherited)",
					"$(DEVELOPER_FRAMEWORKS_DIR)",
				);
				GCC_PRECOMPILE_PREFIX_HEADER = YES;
				GCC_PREFIX_HEADER = "Twitter/Twitter-Prefix.pch";
				INFOPLIST_FILE = "TwitterTests/TwitterTests-Info.plist";
				PRODUCT_NAME = "$(TARGET_NAME)";
				TEST_HOST = "$(BUNDLE_LOADER)";
				WRAPPER_EXTENSION = xctest;
			};
			name = Release;
		};
/* End XCBuildConfiguration section */

/* Begin XCConfigurationList section */
		13AAE4D619537C5500802012 /* Build configuration list for PBXProject "Twitter" */ = {
			isa = XCConfigurationList;
			buildConfigurations = (
				13AAE50519537C5500802012 /* Debug */,
				13AAE50619537C5500802012 /* Release */,
			);
			defaultConfigurationIsVisible = 0;
			defaultConfigurationName = Release;
		};
		13AAE50719537C5500802012 /* Build configuration list for PBXNativeTarget "Twitter" */ = {
			isa = XCConfigurationList;
			buildConfigurations = (
				13AAE50819537C5500802012 /* Debug */,
				13AAE50919537C5500802012 /* Release */,
			);
			defaultConfigurationIsVisible = 0;
			defaultConfigurationName = Release;
		};
		13AAE50A19537C5500802012 /* Build configuration list for PBXNativeTarget "TwitterTests" */ = {
			isa = XCConfigurationList;
			buildConfigurations = (
				13AAE50B19537C5500802012 /* Debug */,
				13AAE50C19537C5500802012 /* Release */,
			);
			defaultConfigurationIsVisible = 0;
			defaultConfigurationName = Release;
		};
/* End XCConfigurationList section */
	};
	rootObject = 13AAE4D319537C5500802012 /* Project object */;
}
